
Microsoft Visual Studio Solution File, Format Version 12.00
# Visual Studio Version 16
VisualStudioVersion = 16.0.29424.173
MinimumVisualStudioVersion = 10.0.40219.1
Project("{FAE04EC0-301F-11D3-BF4B-00C04F79EFBC}") = "PerformanceMonitor", "PerformanceMonitor\PerformanceMonitor.csproj", "{EAD39EC9-A10C-4339-BF68-9A20531D70DE}"
EndProject
Global
	GlobalSection(SolutionConfigurationPlatforms) = preSolution
		Debug|Any CPU = Debug|Any CPU
		Release|Any CPU = Release|Any CPU
	EndGlobalSection
	GlobalSection(ProjectConfigurationPlatforms) = postSolution
		{EAD39EC9-A10C-4339-BF68-9A20531D70DE}.Debug|Any CPU.ActiveCfg = Debug|Any CPU
		{EAD39EC9-A10C-4339-BF68-9A20531D70DE}.Debug|Any CPU.Build.0 = Debug|Any CPU
		{EAD39EC9-A10C-4339-BF68-9A20531D70DE}.Release|Any CPU.ActiveCfg = Release|Any CPU
		{EAD39EC9-A10C-4339-BF68-9A20531D70DE}.Release|Any CPU.Build.0 = Release|Any CPU
	EndGlobalSection
	GlobalSection(SolutionProperties) = preSolution
		HideSolutionNode = FALSE
	EndGlobalSection
	GlobalSection(ExtensibilityGlobals) = postSolution
		SolutionGuid = {271DD15C-B27F-4EB6-BF2F-CFB1661B8354}
	EndGlobalSection
EndGlobal
